
Microsoft Visual Studio Solution File, Format Version 12.00
# Visual Studio Version 16
VisualStudioVersion = 16.0.29911.84
MinimumVisualStudioVersion = 10.0.40219.1
Project("{FAE04EC0-301F-11D3-BF4B-00C04F79EFBC}") = "Hangman", "Hangman.csproj", "{A511C177-C5F5-4A29-A038-F252AA29D669}"
EndProject
Project("{2150E333-8FDC-42A3-9474-1A3956D46DE8}") = "Solution Items", "Solution Items", "{5A40FECB-B8DF-4AD8-B593-02F40A293137}"
	ProjectSection(SolutionItems) = preProject
		.editorconfig = .editorconfig
	EndProjectSection
EndProject
Global
	GlobalSection(SolutionConfigurationPlatforms) = preSolution
		Debug|Any CPU = Debug|Any CPU
		Release|Any CPU = Release|Any CPU
	EndGlobalSection
	GlobalSection(ProjectConfigurationPlatforms) = postSolution
		{A511C177-C5F5-4A29-A038-F252AA29D669}.Debug|Any CPU.ActiveCfg = Debug|Any CPU
		{A511C177-C5F5-4A29-A038-F252AA29D669}.Debug|Any CPU.Build.0 = Debug|Any CPU
		{A511C177-C5F5-4A29-A038-F252AA29D669}.Release|Any CPU.ActiveCfg = Release|Any CPU
		{A511C177-C5F5-4A29-A038-F252AA29D669}.Release|Any CPU.Build.0 = Release|Any CPU
	EndGlobalSection
	GlobalSection(SolutionProperties) = preSolution
		HideSolutionNode = FALSE
	EndGlobalSection
	GlobalSection(ExtensibilityGlobals) = postSolution
		SolutionGuid = {62B3B0D8-F3DA-412F-9AB0-97B9A2909423}
	EndGlobalSection
EndGlobal
